
Microsoft Visual Studio Solution File, Format Version 12.00
# Visual Studio Version 17
VisualStudioVersion = 17.13.35825.156 d17.13
MinimumVisualStudioVersion = 10.0.40219.1
Project("{FAE04EC0-301F-11D3-BF4B-00C04F79EFBC}") = "PagedDataGridViewApp", "PagedDataGridViewApp\PagedDataGridViewApp.csproj", "{5683B340-85CF-40D0-9664-BAEAB51F1E87}"
EndProject
Global
	GlobalSection(SolutionConfigurationPlatforms) = preSolution
		Debug|Any CPU = Debug|Any CPU
		Release|Any CPU = Release|Any CPU
	EndGlobalSection
	GlobalSection(ProjectConfigurationPlatforms) = postSolution
		{5683B340-85CF-40D0-9664-BAEAB51F1E87}.Debug|Any CPU.ActiveCfg = Debug|Any CPU
		{5683B340-85CF-40D0-9664-BAEAB51F1E87}.Debug|Any CPU.Build.0 = Debug|Any CPU
		{5683B340-85CF-40D0-9664-BAEAB51F1E87}.Release|Any CPU.ActiveCfg = Release|Any CPU
		{5683B340-85CF-40D0-9664-BAEAB51F1E87}.Release|Any CPU.Build.0 = Release|Any CPU
	EndGlobalSection
	GlobalSection(SolutionProperties) = preSolution
		HideSolutionNode = FALSE
	EndGlobalSection
	GlobalSection(ExtensibilityGlobals) = postSolution
		SolutionGuid = {616ADCCC-867A-42CF-8D46-CB01387E2B50}
	EndGlobalSection
EndGlobal
